{
    "_meta": {
        "hash": {
            "sha256": "c33e599bea185ea2b22314d71d364a235fa3686cadfe9478d676fae2dde4b18a"
        },
        "pipfile-spec": 6,
        "requires": {},
        "sources": [
            {
                "name": "pypi",
                "url": "https://pypi.org/simple",
                "verify_ssl": true
            }
        ]
    },
    "default": {
        "certifi": {
            "hashes": [
                "sha256:78884e7c1d4b00ce3cea67b44566851c4343c120abd683433ce934a68ea58872",
                "sha256:d62a0163eb4c2344ac042ab2bdf75399a71a2d8c7d47eac2e2ee91b9d6339569"
            ],
            "version": "==2021.10.8"
        },
        "charset-normalizer": {
            "hashes": [
                "sha256:2857e29ff0d34db842cd7ca3230549d1a697f96ee6d3fb071cfa6c7393832597",
                "sha256:6881edbebdb17b39b4eaaa821b438bf6eddffb4468cf344f09f89def34a8b1df"
            ],
            "markers": "python_version >= '3'",
            "version": "==2.0.12"
        },
        "click": {
            "hashes": [
                "sha256:6a7a62563bbfabfda3a38f3023a1db4a35978c0abd76f6c9605ecd6554d6d9b1",
                "sha256:8458d7b1287c5fb128c90e23381cf99dcde74beaf6c7ff6384ce84d6fe090adb"
            ],
            "markers": "python_version >= '3.6'",
            "version": "==8.0.4"
        },
        "flask": {
            "hashes": [
                "sha256:59da8a3170004800a2837844bfa84d49b022550616070f7cb1a659682b2e7c9f",
                "sha256:e1120c228ca2f553b470df4a5fa927ab66258467526069981b3eb0a91902687d"
            ],
            "index": "pypi",
            "version": "==2.0.3"
        },
        "idna": {
            "hashes": [
                "sha256:84d9dd047ffa80596e0f246e2eab0b391788b0503584e8945f2368256d2735ff",
                "sha256:9d643ff0a55b762d5cdb124b8eaa99c66322e2157b69160bc32796e824360e6d"
            ],
            "markers": "python_version >= '3'",
            "version": "==3.3"
        },
        "itsdangerous": {
            "hashes": [
                "sha256:7b7d3023cd35d9cb0c1fd91392f8c95c6fa02c59bf8ad64b8849be3401b95afb",
                "sha256:935642cd4b987cdbee7210080004033af76306757ff8b4c0a506a4b6e06f02cf"
            ],
            "markers": "python_version >= '3.7'",
            "version": "==2.1.1"
        },
        "jinja2": {
            "hashes": [
                "sha256:077ce6014f7b40d03b47d1f1ca4b0fc8328a692bd284016f806ed0eaca390ad8",
                "sha256:611bb273cd68f3b993fabdc4064fc858c5b47a973cb5aa7999ec1ba405c87cd7"
            ],
            "markers": "python_version >= '3.6'",
            "version": "==3.0.3"
        },
        "markupsafe": {
            "hashes": [
                "sha256:0212a68688482dc52b2d45013df70d169f542b7394fc744c02a57374a4207003",
                "sha256:089cf3dbf0cd6c100f02945abeb18484bd1ee57a079aefd52cffd17fba910b88",
                "sha256:10c1bfff05d95783da83491be968e8fe789263689c02724e0c691933c52994f5",
                "sha256:33b74d289bd2f5e527beadcaa3f401e0df0a89927c1559c8566c066fa4248ab7",
                "sha256:3799351e2336dc91ea70b034983ee71cf2f9533cdff7c14c90ea126bfd95d65a",
                "sha256:3ce11ee3f23f79dbd06fb3d63e2f6af7b12db1d46932fe7bd8afa259a5996603",
                "sha256:421be9fbf0ffe9ffd7a378aafebbf6f4602d564d34be190fc19a193232fd12b1",
                "sha256:43093fb83d8343aac0b1baa75516da6092f58f41200907ef92448ecab8825135",
                "sha256:46d00d6cfecdde84d40e572d63735ef81423ad31184100411e6e3388d405e247",
                "sha256:4a33dea2b688b3190ee12bd7cfa29d39c9ed176bda40bfa11099a3ce5d3a7ac6",
                "sha256:4b9fe39a2ccc108a4accc2676e77da025ce383c108593d65cc909add5c3bd601",
                "sha256:56442863ed2b06d19c37f94d999035e15ee982988920e12a5b4ba29b62ad1f77",
                "sha256:671cd1187ed5e62818414afe79ed29da836dde67166a9fac6d435873c44fdd02",
                "sha256:694deca8d702d5db21ec83983ce0bb4b26a578e71fbdbd4fdcd387daa90e4d5e",
                "sha256:6a074d34ee7a5ce3effbc526b7083ec9731bb3cbf921bbe1d3005d4d2bdb3a63",
                "sha256:6d0072fea50feec76a4c418096652f2c3238eaa014b2f94aeb1d56a66b41403f",
                "sha256:6fbf47b5d3728c6aea2abb0589b5d30459e369baa772e0f37a0320185e87c980",
                "sha256:7f91197cc9e48f989d12e4e6fbc46495c446636dfc81b9ccf50bb0ec74b91d4b",
                "sha256:86b1f75c4e7c2ac2ccdaec2b9022845dbb81880ca318bb7a0a01fbf7813e3812",
                "sha256:8dc1c72a69aa7e082593c4a203dcf94ddb74bb5c8a731e4e1eb68d031e8498ff",
                "sha256:8e3dcf21f367459434c18e71b2a9532d96547aef8a871872a5bd69a715c15f96",
                "sha256:8e576a51ad59e4bfaac456023a78f6b5e6e7651dcd383bcc3e18d06f9b55d6d1",
                "sha256:96e37a3dc86e80bf81758c152fe66dbf60ed5eca3d26305edf01892257049925",
                "sha256:97a68e6ada378df82bc9f16b800ab77cbf4b2fada0081794318520138c088e4a",
                "sha256:99a2a507ed3ac881b975a2976d59f38c19386d128e7a9a18b7df6fff1fd4c1d6",
                "sha256:a49907dd8420c5685cfa064a1335b6754b74541bbb3706c259c02ed65b644b3e",
                "sha256:b09bf97215625a311f669476f44b8b318b075847b49316d3e28c08e41a7a573f",
                "sha256:b7bd98b796e2b6553da7225aeb61f447f80a1ca64f41d83612e6139ca5213aa4",
                "sha256:b87db4360013327109564f0e591bd2a3b318547bcef31b468a92ee504d07ae4f",
                "sha256:bcb3ed405ed3222f9904899563d6fc492ff75cce56cba05e32eff40e6acbeaa3",
                "sha256:d4306c36ca495956b6d568d276ac11fdd9c30a36f1b6eb928070dc5360b22e1c",
                "sha256:d5ee4f386140395a2c818d149221149c54849dfcfcb9f1debfe07a8b8bd63f9a",
                "sha256:dda30ba7e87fbbb7eab1ec9f58678558fd9a6b8b853530e176eabd064da81417",
                "sha256:e04e26803c9c3851c931eac40c695602c6295b8d432cbe78609649ad9bd2da8a",
                "sha256:e1c0b87e09fa55a220f058d1d49d3fb8df88fbfab58558f1198e08c1e1de842a",
                "sha256:e72591e9ecd94d7feb70c1cbd7be7b3ebea3f548870aa91e2732960fa4d57a37",
                "sha256:e8c843bbcda3a2f1e3c2ab25913c80a3c5376cd00c6e8c4a86a89a28c8dc5452",
                "sha256:efc1913fd2ca4f334418481c7e595c00aad186563bbc1ec76067848c7ca0a933",
                "sha256:f121a1420d4e173a5d96e47e9a0c0dcff965afdf1626d28de1460815f7c4ee7a",
                "sha256:fc7b548b17d238737688817ab67deebb30e8073c95749d55538ed473130ec0c7"
            ],
            "markers": "python_version >= '3.7'",
            "version": "==2.1.1"
        },
        "mwparserfromhell": {
            "hashes": [
                "sha256:0519497b8a7472298324ef92e1e82c1ab5cab85b4d64462d7ae46c4464c8b872",
                "sha256:0c2bbb36110410b5f6d6d8b2f35f65f8ec8f57c0477609d35bcaac4784a59e5a",
                "sha256:18dac5162471c38e5bbf6ee3698c49d2753e8dde372864112fdaf81047ce89d3",
                "sha256:1c908c9738c5c6bce04b825b3f95592d971ff439ace294a86fc758070afc6d0c",
                "sha256:203ad9cd78dec7480fde45c9f49d0bc2a2eaa28fa1b585461fb9f56f6587f46c",
                "sha256:2d6e124396ee41c35ea12017a66c560abb1f7f51bee04e631a149318adaf15e2",
                "sha256:2d983914c19dee5c2a13298b1ccd3a1ed2b65c81d322b7e7df99cd5386a460c6",
                "sha256:3e5f4bb96b68557acd14c4baa62cbe440b6e6d0f5263cb4860d37e1ceeada2a7",
                "sha256:42eb94a6bad20b7f8845fd2900a45373cb4d414d5a357b27457c7c6c259115c5",
                "sha256:511ff847cddb8e7014b6afb0af5dbdb5cf05ada67e31fc39efa34fbbdccb8e8b",
                "sha256:54d9819c11530fc00b8a70fa3508898109b3df72336f7b8e52f8faffbe03ee88",
                "sha256:5dfd7f57fa3d516b21790ef7f6094119082baa2e6072cef78fb9f999b77e674f",
                "sha256:60d86c8d3501edc1331b37df72b74689ee392da077c36a8b453460b8e3714cdd",
                "sha256:7c822985760b9e82857ecfb99dbb60ac35d0ebf7b2977a0215c7c56fe70c2b68",
                "sha256:7f5682ab9e1a55b20e9fb669582493d196c76a512276456848153c39d726d7d2",
                "sha256:82010e5b5da130cbcb002747f5592ffca73488e0e9cf1ebdfef6e8559c535c41",
                "sha256:92bec9528ae34d272893ccaf2b527df85c314ff28cfbb3056340467b095d834c",
                "sha256:a344ceabde013aa2f9b23494e73af11b99795f63a30124e955c185de2c8ae397",
                "sha256:abae1052b9c12a8814c76dd26ec9cfdd71102e7f89c28fb58a5fba7ee55ad1bc",
                "sha256:b7f19e7d064c467f32e0704becd81c841a807335934134d6aa859d98d01c7cf3",
                "sha256:cd0a74474ed6e85808c874511d28a253ffd2d1e5a3abe915705a25804212ac73",
                "sha256:d521a2e3787c83ecf607a7806ae655d32f3c3884b2dcf35a388183c6028ddce4",
                "sha256:d63d76f576e133c14a29f1ad2f3fc2afa17b74945ebc017e8d7d3bcb59f5243c",
                "sha256:da2568e2a492dcc913f1c026434371af7a24e05dc56450c3ab063d9e580b48f2",
                "sha256:dd81220d66bf829664a6f911b3f58e7af3061fd7fdee68c0fc9731f5bcd7519d",
                "sha256:e0c3d3bc409f8ac1221639ee2dab0dc830711d9a56a39014aad2824c2c98b3e2",
                "sha256:f8c450c39ef647678831ecf9a1f8236521d369afc4ae59a9c601d07f298eda35",
                "sha256:fc4f5718e761a3f5ad76eb9089e0792ed3a6786095abe098e37e7ac7af76afef"
            ],
            "index": "pypi",
            "version": "==0.6.4"
        },
        "requests": {
            "hashes": [
                "sha256:68d7c56fd5a8999887728ef304a6d12edc7be74f1cfa47714fc8b414525c9a61",
                "sha256:f22fa1e554c9ddfd16e6e41ac79759e17be9e492b3587efa038054674760e72d"
            ],
            "index": "pypi",
            "version": "==2.27.1"
        },
        "urllib3": {
            "hashes": [
                "sha256:44ece4d53fb1706f667c9bd1c648f5469a2ec925fcf3a776667042d645472c14",
                "sha256:aabaf16477806a5e1dd19aa41f8c2b7950dd3c746362d7e3223dbe6de6ac448e"
            ],
            "markers": "python_version >= '2.7' and python_version not in '3.0, 3.1, 3.2, 3.3, 3.4' and python_version < '4'",
            "version": "==1.26.9"
        },
        "werkzeug": {
            "hashes": [
                "sha256:1421ebfc7648a39a5c58c601b154165d05cf47a3cd0ccb70857cbdacf6c8f2b8",
                "sha256:b863f8ff057c522164b6067c9e28b041161b4be5ba4d0daceeaa50a163822d3c"
            ],
            "markers": "python_version >= '3.6'",
            "version": "==2.0.3"
        }
    },
    "develop": {
        "autopep8": {
            "hashes": [
                "sha256:44f0932855039d2c15c4510d6df665e4730f2b8582704fa48f9c55bd3e17d979",
                "sha256:ed77137193bbac52d029a52c59bec1b0629b5a186c495f1eb21b126ac466083f"
            ],
            "index": "pypi",
            "version": "==1.6.0"
        },
        "mypy": {
            "hashes": [
                "sha256:080097eee5393fd740f32c63f9343580aaa0fb1cda0128fd859dfcf081321c3d",
                "sha256:0d3bcbe146247997e03bf030122000998b076b3ac6925b0b6563f46d1ce39b50",
                "sha256:0dd441fbacf48e19dc0c5c42fafa72b8e1a0ba0a39309c1af9c84b9397d9b15a",
                "sha256:108f3c7e14a038cf097d2444fa0155462362c6316e3ecb2d70f6dd99cd36084d",
                "sha256:3bada0cf7b6965627954b3a128903a87cac79a79ccd83b6104912e723ef16c7b",
                "sha256:3cf77f138efb31727ee7197bc824c9d6d7039204ed96756cc0f9ca7d8e8fc2a4",
                "sha256:42c216a33d2bdba08098acaf5bae65b0c8196afeb535ef4b870919a788a27259",
                "sha256:465a6ce9ca6268cadfbc27a2a94ddf0412568a6b27640ced229270be4f5d394d",
                "sha256:6a8e1f63357851444940351e98fb3252956a15f2cabe3d698316d7a2d1f1f896",
                "sha256:745071762f32f65e77de6df699366d707fad6c132a660d1342077cbf671ef589",
                "sha256:818cfc51c25a5dbfd0705f3ac1919fff6971eb0c02e6f1a1f6a017a42405a7c0",
                "sha256:8e5974583a77d630a5868eee18f85ac3093caf76e018c510aeb802b9973304ce",
                "sha256:8eaf55fdf99242a1c8c792247c455565447353914023878beadb79600aac4a2a",
                "sha256:98f61aad0bb54f797b17da5b82f419e6ce214de0aa7e92211ebee9e40eb04276",
                "sha256:b2ce2788df0c066c2ff4ba7190fa84f18937527c477247e926abeb9b1168b8cc",
                "sha256:b30d29251dff4c59b2e5a1fa1bab91ff3e117b4658cb90f76d97702b7a2ae699",
                "sha256:bf446223b2e0e4f0a4792938e8d885e8a896834aded5f51be5c3c69566495540",
                "sha256:cbcc691d8b507d54cb2b8521f0a2a3d4daa477f62fe77f0abba41e5febb377b7",
                "sha256:d051ce0946521eba48e19b25f27f98e5ce4dbc91fff296de76240c46b4464df0",
                "sha256:d61b73c01fc1de799226963f2639af831307fe1556b04b7c25e2b6c267a3bc76",
                "sha256:eea10982b798ff0ccc3b9e7e42628f932f552c5845066970e67cd6858655d52c",
                "sha256:f79137d012ff3227866222049af534f25354c07a0d6b9a171dba9f1d6a1fdef4",
                "sha256:fc5ecff5a3bbfbe20091b1cad82815507f5ae9c380a3a9bf40f740c70ce30a9b"
            ],
            "index": "pypi",
            "version": "==0.941"
        },
        "mypy-extensions": {
            "hashes": [
                "sha256:090fedd75945a69ae91ce1303b5824f428daf5a028d2f6ab8a299250a846f15d",
                "sha256:2d82818f5bb3e369420cb3c4060a7970edba416647068eb4c5343488a6c604a8"
            ],
            "version": "==0.4.3"
        },
        "pycodestyle": {
            "hashes": [
                "sha256:720f8b39dde8b293825e7ff02c475f3077124006db4f440dcbc9a20b76548a20",
                "sha256:eddd5847ef438ea1c7870ca7eb78a9d47ce0cdb4851a5523949f2601d0cbbe7f"
            ],
            "markers": "python_version >= '2.7' and python_version not in '3.0, 3.1, 3.2, 3.3, 3.4'",
            "version": "==2.8.0"
        },
        "toml": {
            "hashes": [
                "sha256:806143ae5bfb6a3c6e736a764057db0e6a0e05e338b5630894a5f779cabb4f9b",
                "sha256:b3bda1d108d5dd99f4a20d24d9c348e91c4db7ab1b749200bded2f839ccbe68f"
            ],
            "markers": "python_version >= '2.6' and python_version not in '3.0, 3.1, 3.2, 3.3'",
            "version": "==0.10.2"
        },
        "tomli": {
            "hashes": [
                "sha256:939de3e7a6161af0c887ef91b7d41a53e7c5a1ca976325f429cb46ea9bc30ecc",
                "sha256:de526c12914f0c550d15924c62d72abc48d6fe7364aa87328337a31007fe8a4f"
            ],
            "markers": "python_version >= '3.7'",
            "version": "==2.0.1"
        },
        "typing-extensions": {
            "hashes": [
                "sha256:1a9462dcc3347a79b1f1c0271fbe79e844580bb598bafa1ed208b94da3cdcd42",
                "sha256:21c85e0fe4b9a155d0799430b0ad741cdce7e359660ccbd8b530613e8df88ce2"
            ],
            "markers": "python_version >= '3.6'",
            "version": "==4.1.1"
        }
    }
}
